
Microsoft Visual Studio Solution File, Format Version 12.00
# Visual Studio Version 17
VisualStudioVersion = 17.14.36811.4 d17.14
MinimumVisualStudioVersion = 10.0.40219.1
Project("{FAE04EC0-301F-11D3-BF4B-00C04F79EFBC}") = "ServiceSystem", "ServiceSystem.csproj", "{9E6E007E-37EC-482B-B402-8B178D33DB24}"
EndProject
Global
	GlobalSection(SolutionConfigurationPlatforms) = preSolution
		Debug|Any CPU = Debug|Any CPU
		Release|Any CPU = Release|Any CPU
	EndGlobalSection
	GlobalSection(ProjectConfigurationPlatforms) = postSolution
		{9E6E007E-37EC-482B-B402-8B178D33DB24}.Debug|Any CPU.ActiveCfg = Debug|Any CPU
		{9E6E007E-37EC-482B-B402-8B178D33DB24}.Debug|Any CPU.Build.0 = Debug|Any CPU
		{9E6E007E-37EC-482B-B402-8B178D33DB24}.Release|Any CPU.ActiveCfg = Release|Any CPU
		{9E6E007E-37EC-482B-B402-8B178D33DB24}.Release|Any CPU.Build.0 = Release|Any CPU
	EndGlobalSection
	GlobalSection(SolutionProperties) = preSolution
		HideSolutionNode = FALSE
	EndGlobalSection
	GlobalSection(ExtensibilityGlobals) = postSolution
		SolutionGuid = {8C3687B7-0A37-46E4-96D6-8D18C90BA80C}
	EndGlobalSection
EndGlobal
